<?xml version="1.0" encoding="UTF-8"?>
<Scheme
   LastUpgradeVersion = "1600"
   version = "1.7">
   <BuildAction
      parallelizeBuildables = "YES"
      buildImplicitDependencies = "YES"
      buildArchitectures = "Automatic">
      <BuildActionEntries>
         <BuildActionEntry
            buildForTesting = "YES"
            buildForRunning = "YES"
            buildForProfiling = "YES"
            buildForArchiving = "YES"
            buildForAnalyzing = "YES">
            <BuildableReference
               BuildableIdentifier = "primary"
               BlueprintIdentifier = "02E5AB06E9CF5357E7F6C413"
               BuildableName = "OpenMates.app"
               BlueprintName = "OpenMates_iOS"
               ReferencedContainer = "container:OpenMates.xcodeproj">
            </BuildableReference>
         </BuildActionEntry>
         <BuildActionEntry
            buildForTesting = "YES"
            buildForRunning = "NO"
            buildForProfiling = "NO"
            buildForArchiving = "NO"
            buildForAnalyzing = "NO">
            <BuildableReference
               BuildableIdentifier = "primary"
               BlueprintIdentifier = "C0FFEE000000000000002006"
               BuildableName = "OpenMatesTests.xctest"
               BlueprintName = "OpenMatesTests"
               ReferencedContainer = "container:OpenMates.xcodeproj">
            </BuildableReference>
         </BuildActionEntry>
         <BuildActionEntry
            buildForTesting = "YES"
            buildForRunning = "NO"
            buildForProfiling = "NO"
            buildForArchiving = "NO"
            buildForAnalyzing = "NO">
            <BuildableReference
               BuildableIdentifier = "primary"
               BlueprintIdentifier = "C0FFEE000000000000001006"
               BuildableName = "OpenMatesUITests.xctest"
               BlueprintName = "OpenMatesUITests"
               ReferencedContainer = "container:OpenMates.xcodeproj">
            </BuildableReference>
         </BuildActionEntry>
      </BuildActionEntries>
   </BuildAction>
   <TestAction
      buildConfiguration = "Debug"
      selectedDebuggerIdentifier = "Xcode.DebuggerFoundation.Debugger.LLDB"
      selectedLauncherIdentifier = "Xcode.DebuggerFoundation.Launcher.LLDB"
      shouldUseLaunchSchemeArgsEnv = "YES">
      <Testables>
         <TestableReference
            skipped = "NO">
            <BuildableReference
               BuildableIdentifier = "primary"
               BlueprintIdentifier = "C0FFEE000000000000002006"
               BuildableName = "OpenMatesTests.xctest"
               BlueprintName = "OpenMatesTests"
               ReferencedContainer = "container:OpenMates.xcodeproj">
            </BuildableReference>
         </TestableReference>
         <TestableReference
            skipped = "NO">
            <BuildableReference
               BuildableIdentifier = "primary"
               BlueprintIdentifier = "C0FFEE000000000000001006"
               BuildableName = "OpenMatesUITests.xctest"
               BlueprintName = "OpenMatesUITests"
               ReferencedContainer = "container:OpenMates.xcodeproj">
            </BuildableReference>
         </TestableReference>
      </Testables>
       <MacroExpansion>
          <BuildableReference
             BuildableIdentifier = "primary"
             BlueprintIdentifier = "02E5AB06E9CF5357E7F6C413"
             BuildableName = "OpenMates.app"
             BlueprintName = "OpenMates_iOS"
             ReferencedContainer = "container:OpenMates.xcodeproj">
          </BuildableReference>
       </MacroExpansion>
      <EnvironmentVariables>
         <EnvironmentVariable
            key = "OPENMATES_TEST_ACCOUNT_EMAIL"
            value = "$(OPENMATES_TEST_ACCOUNT_EMAIL)"
            isEnabled = "YES">
         </EnvironmentVariable>
         <EnvironmentVariable
            key = "OPENMATES_TEST_ACCOUNT_PASSWORD"
            value = "$(OPENMATES_TEST_ACCOUNT_PASSWORD)"
            isEnabled = "YES">
         </EnvironmentVariable>
         <EnvironmentVariable
            key = "OPENMATES_TEST_ACCOUNT_OTP_KEY"
            value = "$(OPENMATES_TEST_ACCOUNT_OTP_KEY)"
            isEnabled = "YES">
         </EnvironmentVariable>
      </EnvironmentVariables>
    </TestAction>
   <LaunchAction
      buildConfiguration = "Debug"
      selectedDebuggerIdentifier = "Xcode.DebuggerFoundation.Debugger.LLDB"
      selectedLauncherIdentifier = "Xcode.DebuggerFoundation.Launcher.LLDB"
      launchStyle = "0"
      useCustomWorkingDirectory = "NO"
      ignoresPersistentStateOnLaunch = "NO"
      debugDocumentVersioning = "YES"
      debugServiceExtension = "internal"
      allowLocationSimulation = "YES">
      <BuildableProductRunnable
         runnableDebuggingMode = "0">
         <BuildableReference
            BuildableIdentifier = "primary"
            BlueprintIdentifier = "02E5AB06E9CF5357E7F6C413"
            BuildableName = "OpenMates.app"
            BlueprintName = "OpenMates_iOS"
            ReferencedContainer = "container:OpenMates.xcodeproj">
         </BuildableReference>
      </BuildableProductRunnable>
   </LaunchAction>
   <ProfileAction
      buildConfiguration = "Release"
      shouldUseLaunchSchemeArgsEnv = "YES"
      savedToolIdentifier = ""
      useCustomWorkingDirectory = "NO"
      debugDocumentVersioning = "YES">
      <BuildableProductRunnable
         runnableDebuggingMode = "0">
         <BuildableReference
            BuildableIdentifier = "primary"
            BlueprintIdentifier = "02E5AB06E9CF5357E7F6C413"
            BuildableName = "OpenMates.app"
            BlueprintName = "OpenMates_iOS"
            ReferencedContainer = "container:OpenMates.xcodeproj">
         </BuildableReference>
      </BuildableProductRunnable>
   </ProfileAction>
   <AnalyzeAction
      buildConfiguration = "Debug">
   </AnalyzeAction>
   <ArchiveAction
      buildConfiguration = "Release"
      revealArchiveInOrganizer = "YES">
   </ArchiveAction>
</Scheme>
